// !$*UTF8*$!
{
	archiveVersion = 1;
	classes = {
	};
	objectVersion = 56;
	objects = {

/* Begin PBXBuildFile section */
		F9A9ACB5293510E70088AF16 /* rick_roll.mp3 in Resources */ = {isa = PBXBuildFile; fileRef = F9A9ACB4293510E70088AF16 /* rick_roll.mp3 */; };
		F9A9ACB6293510E70088AF16 /* rick_roll.mp3 in Resources */ = {isa = PBXBuildFile; fileRef = F9A9ACB4293510E70088AF16 /* rick_roll.mp3 */; };
		F9A9ACB7293510E70088AF16 /* rick_roll.mp3 in Resources */ = {isa = PBXBuildFile; fileRef = F9A9ACB4293510E70088AF16 /* rick_roll.mp3 */; };
		F9B50F5E291E9FF6003FD7C3 /* Bredemeier_SoundboardApp.swift in Sources */ = {isa = PBXBuildFile; fileRef = F9B50F5D291E9FF6003FD7C3 /* Bredemeier_SoundboardApp.swift */; };
		F9B50F60291E9FF6003FD7C3 /* ContentView.swift in Sources */ = {isa = PBXBuildFile; fileRef = F9B50F5F291E9FF6003FD7C3 /* ContentView.swift */; };
		F9B50F62291E9FF8003FD7C3 /* Assets.xcassets in Resources */ = {isa = PBXBuildFile; fileRef = F9B50F61291E9FF8003FD7C3 /* Assets.xcassets */; };
		F9B50F65291E9FF8003FD7C3 /* Preview Assets.xcassets in Resources */ = {isa = PBXBuildFile; fileRef = F9B50F64291E9FF8003FD7C3 /* Preview Assets.xcassets */; };
		F9B50F6F291E9FF8003FD7C3 /* Bredemeier_SoundboardTests.swift in Sources */ = {isa = PBXBuildFile; fileRef = F9B50F6E291E9FF8003FD7C3 /* Bredemeier_SoundboardTests.swift */; };
		F9B50F79291E9FF8003FD7C3 /* Bredemeier_SoundboardUITests.swift in Sources */ = {isa = PBXBuildFile; fileRef = F9B50F78291E9FF8003FD7C3 /* Bredemeier_SoundboardUITests.swift */; };
		F9B50F7B291E9FF8003FD7C3 /* Bredemeier_SoundboardUITestsLaunchTests.swift in Sources */ = {isa = PBXBuildFile; fileRef = F9B50F7A291E9FF8003FD7C3 /* Bredemeier_SoundboardUITestsLaunchTests.swift */; };
		F9F0F6F229230E34001D17EC /* sheesh.mp3 in Resources */ = {isa = PBXBuildFile; fileRef = F9F0F6E929230E33001D17EC /* sheesh.mp3 */; };
		F9F0F6F429230E34001D17EC /* ah.mp3 in Resources */ = {isa = PBXBuildFile; fileRef = F9F0F6EB29230E33001D17EC /* ah.mp3 */; };
		F9F0F6F529230E34001D17EC /* talk_to_the_duck.mp3 in Resources */ = {isa = PBXBuildFile; fileRef = F9F0F6EC29230E33001D17EC /* talk_to_the_duck.mp3 */; };
		F9F0F6F629230E34001D17EC /* no.mp3 in Resources */ = {isa = PBXBuildFile; fileRef = F9F0F6ED29230E33001D17EC /* no.mp3 */; };
		F9F0F6F729230E34001D17EC /* slay.mp3 in Resources */ = {isa = PBXBuildFile; fileRef = F9F0F6EE29230E33001D17EC /* slay.mp3 */; };
		F9F0F6F829230E34001D17EC /* period.mp3 in Resources */ = {isa = PBXBuildFile; fileRef = F9F0F6EF29230E33001D17EC /* period.mp3 */; };
		F9F0F6F929230E34001D17EC /* yes.mp3 in Resources */ = {isa = PBXBuildFile; fileRef = F9F0F6F029230E34001D17EC /* yes.mp3 */; };
		F9F0F6FA29230E34001D17EC /* dynamite.mp3 in Resources */ = {isa = PBXBuildFile; fileRef = F9F0F6F129230E34001D17EC /* dynamite.mp3 */; };
		F9F0F6FE292692F4001D17EC /* SoundboardView.swift in Sources */ = {isa = PBXBuildFile; fileRef = F9F0F6FD292692F4001D17EC /* SoundboardView.swift */; };
/* End PBXBuildFile section */

/* Begin PBXContainerItemProxy section */
		F9B50F6B291E9FF8003FD7C3 /* PBXContainerItemProxy */ = {
			isa = PBXContainerItemProxy;
			containerPortal = F9B50F52291E9FF6003FD7C3 /* Project object */;
			proxyType = 1;
			remoteGlobalIDString = F9B50F59291E9FF6003FD7C3;
			remoteInfo = "Bredemeier Soundboard";
		};
		F9B50F75291E9FF8003FD7C3 /* PBXContainerItemProxy */ = {
			isa = PBXContainerItemProxy;
			containerPortal = F9B50F52291E9FF6003FD7C3 /* Project object */;
			proxyType = 1;
			remoteGlobalIDString = F9B50F59291E9FF6003FD7C3;
			remoteInfo = "Bredemeier Soundboard";
		};
/* End PBXContainerItemProxy section */

/* Begin PBXFileReference section */
		F9A9ACB4293510E70088AF16 /* rick_roll.mp3 */ = {isa = PBXFileReference; lastKnownFileType = audio.mp3; path = rick_roll.mp3; sourceTree = "<group>"; };
		F9B50F5A291E9FF6003FD7C3 /* Bredemeier Soundboard.app */ = {isa = PBXFileReference; explicitFileType = wrapper.application; includeInIndex = 0; path = "Bredemeier Soundboard.app"; sourceTree = BUILT_PRODUCTS_DIR; };
		F9B50F5D291E9FF6003FD7C3 /* Bredemeier_SoundboardApp.swift */ = {isa = PBXFileReference; lastKnownFileType = sourcecode.swift; path = Bredemeier_SoundboardApp.swift; sourceTree = "<group>"; };
		F9B50F5F291E9FF6003FD7C3 /* ContentView.swift */ = {isa = PBXFileReference; lastKnownFileType = sourcecode.swift; path = ContentView.swift; sourceTree = "<group>"; };
		F9B50F61291E9FF8003FD7C3 /* Assets.xcassets */ = {isa = PBXFileReference; lastKnownFileType = folder.assetcatalog; path = Assets.xcassets; sourceTree = "<group>"; };
		F9B50F64291E9FF8003FD7C3 /* Preview Assets.xcassets */ = {isa = PBXFileReference; lastKnownFileType = folder.assetcatalog; path = "Preview Assets.xcassets"; sourceTree = "<group>"; };
		F9B50F6A291E9FF8003FD7C3 /* Bredemeier SoundboardTests.xctest */ = {isa = PBXFileReference; explicitFileType = wrapper.cfbundle; includeInIndex = 0; path = "Bredemeier SoundboardTests.xctest"; sourceTree = BUILT_PRODUCTS_DIR; };
		F9B50F6E291E9FF8003FD7C3 /* Bredemeier_SoundboardTests.swift */ = {isa = PBXFileReference; lastKnownFileType = sourcecode.swift; path = Bredemeier_SoundboardTests.swift; sourceTree = "<group>"; };
		F9B50F74291E9FF8003FD7C3 /* Bredemeier SoundboardUITests.xctest */ = {isa = PBXFileReference; explicitFileType = wrapper.cfbundle; includeInIndex = 0; path = "Bredemeier SoundboardUITests.xctest"; sourceTree = BUILT_PRODUCTS_DIR; };
		F9B50F78291E9FF8003FD7C3 /* Bredemeier_SoundboardUITests.swift */ = {isa = PBXFileReference; lastKnownFileType = sourcecode.swift; path = Bredemeier_SoundboardUITests.swift; sourceTree = "<group>"; };
		F9B50F7A291E9FF8003FD7C3 /* Bredemeier_SoundboardUITestsLaunchTests.swift */ = {isa = PBXFileReference; lastKnownFileType = sourcecode.swift; path = Bredemeier_SoundboardUITestsLaunchTests.swift; sourceTree = "<group>"; };
		F9F0F6E929230E33001D17EC /* sheesh.mp3 */ = {isa = PBXFileReference; lastKnownFileType = audio.mp3; path = sheesh.mp3; sourceTree = "<group>"; };
		F9F0F6EB29230E33001D17EC /* ah.mp3 */ = {isa = PBXFileReference; lastKnownFileType = audio.mp3; path = ah.mp3; sourceTree = "<group>"; };
		F9F0F6EC29230E33001D17EC /* talk_to_the_duck.mp3 */ = {isa = PBXFileReference; lastKnownFileType = audio.mp3; path = talk_to_the_duck.mp3; sourceTree = "<group>"; };
		F9F0F6ED29230E33001D17EC /* no.mp3 */ = {isa = PBXFileReference; lastKnownFileType = audio.mp3; path = no.mp3; sourceTree = "<group>"; };
		F9F0F6EE29230E33001D17EC /* slay.mp3 */ = {isa = PBXFileReference; lastKnownFileType = audio.mp3; path = slay.mp3; sourceTree = "<group>"; };
		F9F0F6EF29230E33001D17EC /* period.mp3 */ = {isa = PBXFileReference; lastKnownFileType = audio.mp3; path = period.mp3; sourceTree = "<group>"; };
		F9F0F6F029230E34001D17EC /* yes.mp3 */ = {isa = PBXFileReference; lastKnownFileType = audio.mp3; path = yes.mp3; sourceTree = "<group>"; };
		F9F0F6F129230E34001D17EC /* dynamite.mp3 */ = {isa = PBXFileReference; lastKnownFileType = audio.mp3; path = dynamite.mp3; sourceTree = "<group>"; };
		F9F0F6FD292692F4001D17EC /* SoundboardView.swift */ = {isa = PBXFileReference; lastKnownFileType = sourcecode.swift; path = SoundboardView.swift; sourceTree = "<group>"; };
/* End PBXFileReference section */

/* Begin PBXFrameworksBuildPhase section */
		F9B50F57291E9FF6003FD7C3 /* Frameworks */ = {
			isa = PBXFrameworksBuildPhase;
			buildActionMask = 2147483647;
			files = (
			);
			runOnlyForDeploymentPostprocessing = 0;
		};
		F9B50F67291E9FF8003FD7C3 /* Frameworks */ = {
			isa = PBXFrameworksBuildPhase;
			buildActionMask = 2147483647;
			files = (
			);
			runOnlyForDeploymentPostprocessing = 0;
		};
		F9B50F71291E9FF8003FD7C3 /* Frameworks */ = {
			isa = PBXFrameworksBuildPhase;
			buildActionMask = 2147483647;
			files = (
			);
			runOnlyForDeploymentPostprocessing = 0;
		};
/* End PBXFrameworksBuildPhase section */

/* Begin PBXGroup section */
		F91FB1CF29228BF60034C5B4 /* Sounds */ = {
			isa = PBXGroup;
			children = (
				F9F0F6EB29230E33001D17EC /* ah.mp3 */,
				F9F0F6F129230E34001D17EC /* dynamite.mp3 */,
				F9F0F6ED29230E33001D17EC /* no.mp3 */,
				F9F0F6EF29230E33001D17EC /* period.mp3 */,
				F9F0F6E929230E33001D17EC /* sheesh.mp3 */,
				F9F0F6EE29230E33001D17EC /* slay.mp3 */,
				F9A9ACB4293510E70088AF16 /* rick_roll.mp3 */,
				F9F0F6EC29230E33001D17EC /* talk_to_the_duck.mp3 */,
				F9F0F6F029230E34001D17EC /* yes.mp3 */,
			);
			path = Sounds;
			sourceTree = "<group>";
		};
		F9B50F51291E9FF6003FD7C3 = {
			isa = PBXGroup;
			children = (
				F9B50F5C291E9FF6003FD7C3 /* Bredemeier Soundboard */,
				F9B50F6D291E9FF8003FD7C3 /* Bredemeier SoundboardTests */,
				F9B50F77291E9FF8003FD7C3 /* Bredemeier SoundboardUITests */,
				F9B50F5B291E9FF6003FD7C3 /* Products */,
			);
			sourceTree = "<group>";
		};
		F9B50F5B291E9FF6003FD7C3 /* Products */ = {
			isa = PBXGroup;
			children = (
				F9B50F5A291E9FF6003FD7C3 /* Bredemeier Soundboard.app */,
				F9B50F6A291E9FF8003FD7C3 /* Bredemeier SoundboardTests.xctest */,
				F9B50F74291E9FF8003FD7C3 /* Bredemeier SoundboardUITests.xctest */,
			);
			name = Products;
			sourceTree = "<group>";
		};
		F9B50F5C291E9FF6003FD7C3 /* Bredemeier Soundboard */ = {
			isa = PBXGroup;
			children = (
				F9B50F5D291E9FF6003FD7C3 /* Bredemeier_SoundboardApp.swift */,
				F9B50F5F291E9FF6003FD7C3 /* ContentView.swift */,
				F9F0F6FD292692F4001D17EC /* SoundboardView.swift */,
				F9B50F61291E9FF8003FD7C3 /* Assets.xcassets */,
				F91FB1CF29228BF60034C5B4 /* Sounds */,
				F9B50F63291E9FF8003FD7C3 /* Preview Content */,
			);
			path = "Bredemeier Soundboard";
			sourceTree = "<group>";
		};
		F9B50F63291E9FF8003FD7C3 /* Preview Content */ = {
			isa = PBXGroup;
			children = (
				F9B50F64291E9FF8003FD7C3 /* Preview Assets.xcassets */,
			);
			path = "Preview Content";
			sourceTree = "<group>";
		};
		F9B50F6D291E9FF8003FD7C3 /* Bredemeier SoundboardTests */ = {
			isa = PBXGroup;
			children = (
				F9B50F6E291E9FF8003FD7C3 /* Bredemeier_SoundboardTests.swift */,
			);
			path = "Bredemeier SoundboardTests";
			sourceTree = "<group>";
		};
		F9B50F77291E9FF8003FD7C3 /* Bredemeier SoundboardUITests */ = {
			isa = PBXGroup;
			children = (
				F9B50F78291E9FF8003FD7C3 /* Bredemeier_SoundboardUITests.swift */,
				F9B50F7A291E9FF8003FD7C3 /* Bredemeier_SoundboardUITestsLaunchTests.swift */,
			);
			path = "Bredemeier SoundboardUITests";
			sourceTree = "<group>";
		};
/* End PBXGroup section */

/* Begin PBXNativeTarget section */
		F9B50F59291E9FF6003FD7C3 /* Bredemeier Soundboard */ = {
			isa = PBXNativeTarget;
			buildConfigurationList = F9B50F7E291E9FF8003FD7C3 /* Build configuration list for PBXNativeTarget "Bredemeier Soundboard" */;
			buildPhases = (
				F9B50F56291E9FF6003FD7C3 /* Sources */,
				F9B50F57291E9FF6003FD7C3 /* Frameworks */,
				F9B50F58291E9FF6003FD7C3 /* Resources */,
			);
			buildRules = (
			);
			dependencies = (
			);
			name = "Bredemeier Soundboard";
			productName = "Bredemeier Soundboard";
			productReference = F9B50F5A291E9FF6003FD7C3 /* Bredemeier Soundboard.app */;
			productType = "com.apple.product-type.application";
		};
		F9B50F69291E9FF8003FD7C3 /* Bredemeier SoundboardTests */ = {
			isa = PBXNativeTarget;
			buildConfigurationList = F9B50F81291E9FF8003FD7C3 /* Build configuration list for PBXNativeTarget "Bredemeier SoundboardTests" */;
			buildPhases = (
				F9B50F66291E9FF8003FD7C3 /* Sources */,
				F9B50F67291E9FF8003FD7C3 /* Frameworks */,
				F9B50F68291E9FF8003FD7C3 /* Resources */,
			);
			buildRules = (
			);
			dependencies = (
				F9B50F6C291E9FF8003FD7C3 /* PBXTargetDependency */,
			);
			name = "Bredemeier SoundboardTests";
			productName = "Bredemeier SoundboardTests";
			productReference = F9B50F6A291E9FF8003FD7C3 /* Bredemeier SoundboardTests.xctest */;
			productType = "com.apple.product-type.bundle.unit-test";
		};
		F9B50F73291E9FF8003FD7C3 /* Bredemeier SoundboardUITests */ = {
			isa = PBXNativeTarget;
			buildConfigurationList = F9B50F84291E9FF8003FD7C3 /* Build configuration list for PBXNativeTarget "Bredemeier SoundboardUITests" */;
			buildPhases = (
				F9B50F70291E9FF8003FD7C3 /* Sources */,
				F9B50F71291E9FF8003FD7C3 /* Frameworks */,
				F9B50F72291E9FF8003FD7C3 /* Resources */,
			);
			buildRules = (
			);
			dependencies = (
				F9B50F76291E9FF8003FD7C3 /* PBXTargetDependency */,
			);
			name = "Bredemeier SoundboardUITests";
			productName = "Bredemeier SoundboardUITests";
			productReference = F9B50F74291E9FF8003FD7C3 /* Bredemeier SoundboardUITests.xctest */;
			productType = "com.apple.product-type.bundle.ui-testing";
		};
/* End PBXNativeTarget section */

/* Begin PBXProject section */
		F9B50F52291E9FF6003FD7C3 /* Project object */ = {
			isa = PBXProject;
			attributes = {
				BuildIndependentTargetsInParallel = 1;
				LastSwiftUpdateCheck = 1400;
				LastUpgradeCheck = 1400;
				TargetAttributes = {
					F9B50F59291E9FF6003FD7C3 = {
						CreatedOnToolsVersion = 14.0;
					};
					F9B50F69291E9FF8003FD7C3 = {
						CreatedOnToolsVersion = 14.0;
						TestTargetID = F9B50F59291E9FF6003FD7C3;
					};
					F9B50F73291E9FF8003FD7C3 = {
						CreatedOnToolsVersion = 14.0;
						TestTargetID = F9B50F59291E9FF6003FD7C3;
					};
				};
			};
			buildConfigurationList = F9B50F55291E9FF6003FD7C3 /* Build configuration list for PBXProject "Bredemeier Soundboard" */;
			compatibilityVersion = "Xcode 14.0";
			developmentRegion = en;
			hasScannedForEncodings = 0;
			knownRegions = (
				en,
				Base,
			);
			mainGroup = F9B50F51291E9FF6003FD7C3;
			productRefGroup = F9B50F5B291E9FF6003FD7C3 /* Products */;
			projectDirPath = "";
			projectRoot = "";
			targets = (
				F9B50F59291E9FF6003FD7C3 /* Bredemeier Soundboard */,
				F9B50F69291E9FF8003FD7C3 /* Bredemeier SoundboardTests */,
				F9B50F73291E9FF8003FD7C3 /* Bredemeier SoundboardUITests */,
			);
		};
/* End PBXProject section */

/* Begin PBXResourcesBuildPhase section */
		F9B50F58291E9FF6003FD7C3 /* Resources */ = {
			isa = PBXResourcesBuildPhase;
			buildActionMask = 2147483647;
			files = (
				F9F0F6F929230E34001D17EC /* yes.mp3 in Resources */,
				F9F0F6F629230E34001D17EC /* no.mp3 in Resources */,
				F9F0F6F829230E34001D17EC /* period.mp3 in Resources */,
				F9F0F6F529230E34001D17EC /* talk_to_the_duck.mp3 in Resources */,
				F9F0F6F429230E34001D17EC /* ah.mp3 in Resources */,
				F9F0F6FA29230E34001D17EC /* dynamite.mp3 in Resources */,
				F9A9ACB5293510E70088AF16 /* rick_roll.mp3 in Resources */,
				F9F0F6F229230E34001D17EC /* sheesh.mp3 in Resources */,
				F9B50F65291E9FF8003FD7C3 /* Preview Assets.xcassets in Resources */,
				F9B50F62291E9FF8003FD7C3 /* Assets.xcassets in Resources */,
				F9F0F6F729230E34001D17EC /* slay.mp3 in Resources */,
			);
			runOnlyForDeploymentPostprocessing = 0;
		};
		F9B50F68291E9FF8003FD7C3 /* Resources */ = {
			isa = PBXResourcesBuildPhase;
			buildActionMask = 2147483647;
			files = (
				F9A9ACB6293510E70088AF16 /* rick_roll.mp3 in Resources */,
			);
			runOnlyForDeploymentPostprocessing = 0;
		};
		F9B50F72291E9FF8003FD7C3 /* Resources */ = {
			isa = PBXResourcesBuildPhase;
			buildActionMask = 2147483647;
			files = (
				F9A9ACB7293510E70088AF16 /* rick_roll.mp3 in Resources */,
			);
			runOnlyForDeploymentPostprocessing = 0;
		};
/* End PBXResourcesBuildPhase section */

/* Begin PBXSourcesBuildPhase section */
		F9B50F56291E9FF6003FD7C3 /* Sources */ = {
			isa = PBXSourcesBuildPhase;
			buildActionMask = 2147483647;
			files = (
				F9F0F6FE292692F4001D17EC /* SoundboardView.swift in Sources */,
				F9B50F60291E9FF6003FD7C3 /* ContentView.swift in Sources */,
				F9B50F5E291E9FF6003FD7C3 /* Bredemeier_SoundboardApp.swift in Sources */,
			);
			runOnlyForDeploymentPostprocessing = 0;
		};
		F9B50F66291E9FF8003FD7C3 /* Sources */ = {
			isa = PBXSourcesBuildPhase;
			buildActionMask = 2147483647;
			files = (
				F9B50F6F291E9FF8003FD7C3 /* Bredemeier_SoundboardTests.swift in Sources */,
			);
			runOnlyForDeploymentPostprocessing = 0;
		};
		F9B50F70291E9FF8003FD7C3 /* Sources */ = {
			isa = PBXSourcesBuildPhase;
			buildActionMask = 2147483647;
			files = (
				F9B50F79291E9FF8003FD7C3 /* Bredemeier_SoundboardUITests.swift in Sources */,
				F9B50F7B291E9FF8003FD7C3 /* Bredemeier_SoundboardUITestsLaunchTests.swift in Sources */,
			);
			runOnlyForDeploymentPostprocessing = 0;
		};
/* End PBXSourcesBuildPhase section */

/* Begin PBXTargetDependency section */
		F9B50F6C291E9FF8003FD7C3 /* PBXTargetDependency */ = {
			isa = PBXTargetDependency;
			target = F9B50F59291E9FF6003FD7C3 /* Bredemeier Soundboard */;
			targetProxy = F9B50F6B291E9FF8003FD7C3 /* PBXContainerItemProxy */;
		};
		F9B50F76291E9FF8003FD7C3 /* PBXTargetDependency */ = {
			isa = PBXTargetDependency;
			target = F9B50F59291E9FF6003FD7C3 /* Bredemeier Soundboard */;
			targetProxy = F9B50F75291E9FF8003FD7C3 /* PBXContainerItemProxy */;
		};
/* End PBXTargetDependency section */

/* Begin XCBuildConfiguration section */
		F9B50F7C291E9FF8003FD7C3 /* Debug */ = {
			isa = XCBuildConfiguration;
			buildSettings = {
				ALWAYS_SEARCH_USER_PATHS = NO;
				CLANG_ANALYZER_NONNULL = YES;
				CLANG_ANALYZER_NUMBER_OBJECT_CONVERSION = YES_AGGRESSIVE;
				CLANG_CXX_LANGUAGE_STANDARD = "gnu++20";
				CLANG_ENABLE_MODULES = YES;
				CLANG_ENABLE_OBJC_ARC = YES;
				CLANG_ENABLE_OBJC_WEAK = YES;
				CLANG_WARN_BLOCK_CAPTURE_AUTORELEASING = YES;
				CLANG_WARN_BOOL_CONVERSION = YES;
				CLANG_WARN_COMMA = YES;
				CLANG_WARN_CONSTANT_CONVERSION = YES;
				CLANG_WARN_DEPRECATED_OBJC_IMPLEMENTATIONS = YES;
				CLANG_WARN_DIRECT_OBJC_ISA_USAGE = YES_ERROR;
				CLANG_WARN_DOCUMENTATION_COMMENTS = YES;
				CLANG_WARN_EMPTY_BODY = YES;
				CLANG_WARN_ENUM_CONVERSION = YES;
				CLANG_WARN_INFINITE_RECURSION = YES;
				CLANG_WARN_INT_CONVERSION = YES;
				CLANG_WARN_NON_LITERAL_NULL_CONVERSION = YES;
				CLANG_WARN_OBJC_IMPLICIT_RETAIN_SELF = YES;
				CLANG_WARN_OBJC_LITERAL_CONVERSION = YES;
				CLANG_WARN_OBJC_ROOT_CLASS = YES_ERROR;
				CLANG_WARN_QUOTED_INCLUDE_IN_FRAMEWORK_HEADER = YES;
				CLANG_WARN_RANGE_LOOP_ANALYSIS = YES;
				CLANG_WARN_STRICT_PROTOTYPES = YES;
				CLANG_WARN_SUSPICIOUS_MOVE = YES;
				CLANG_WARN_UNGUARDED_AVAILABILITY = YES_AGGRESSIVE;
				CLANG_WARN_UNREACHABLE_CODE = YES;
				CLANG_WARN__DUPLICATE_METHOD_MATCH = YES;
				COPY_PHASE_STRIP = NO;
				DEBUG_INFORMATION_FORMAT = dwarf;
				ENABLE_STRICT_OBJC_MSGSEND = YES;
				ENABLE_TESTABILITY = YES;
				GCC_C_LANGUAGE_STANDARD = gnu11;
				GCC_DYNAMIC_NO_PIC = NO;
				GCC_NO_COMMON_BLOCKS = YES;
				GCC_OPTIMIZATION_LEVEL = 0;
				GCC_PREPROCESSOR_DEFINITIONS = (
					"DEBUG=1",
					"$(inherited)",
				);
				GCC_WARN_64_TO_32_BIT_CONVERSION = YES;
				GCC_WARN_ABOUT_RETURN_TYPE = YES_ERROR;
				GCC_WARN_UNDECLARED_SELECTOR = YES;
				GCC_WARN_UNINITIALIZED_AUTOS = YES_AGGRESSIVE;
				GCC_WARN_UNUSED_FUNCTION = YES;
				GCC_WARN_UNUSED_VARIABLE = YES;
				IPHONEOS_DEPLOYMENT_TARGET = 16.0;
				MTL_ENABLE_DEBUG_INFO = INCLUDE_SOURCE;
				MTL_FAST_MATH = YES;
				ONLY_ACTIVE_ARCH = YES;
				SDKROOT = iphoneos;
				SWIFT_ACTIVE_COMPILATION_CONDITIONS = DEBUG;
				SWIFT_OPTIMIZATION_LEVEL = "-Onone";
			};
			name = Debug;
		};
		F9B50F7D291E9FF8003FD7C3 /* Release */ = {
			isa = XCBuildConfiguration;
			buildSettings = {
				ALWAYS_SEARCH_USER_PATHS = NO;
				CLANG_ANALYZER_NONNULL = YES;
				CLANG_ANALYZER_NUMBER_OBJECT_CONVERSION = YES_AGGRESSIVE;
				CLANG_CXX_LANGUAGE_STANDARD = "gnu++20";
				CLANG_ENABLE_MODULES = YES;
				CLANG_ENABLE_OBJC_ARC = YES;
				CLANG_ENABLE_OBJC_WEAK = YES;
				CLANG_WARN_BLOCK_CAPTURE_AUTORELEASING = YES;
				CLANG_WARN_BOOL_CONVERSION = YES;
				CLANG_WARN_COMMA = YES;
				CLANG_WARN_CONSTANT_CONVERSION = YES;
				CLANG_WARN_DEPRECATED_OBJC_IMPLEMENTATIONS = YES;
				CLANG_WARN_DIRECT_OBJC_ISA_USAGE = YES_ERROR;
				CLANG_WARN_DOCUMENTATION_COMMENTS = YES;
				CLANG_WARN_EMPTY_BODY = YES;
				CLANG_WARN_ENUM_CONVERSION = YES;
				CLANG_WARN_INFINITE_RECURSION = YES;
				CLANG_WARN_INT_CONVERSION = YES;
				CLANG_WARN_NON_LITERAL_NULL_CONVERSION = YES;
				CLANG_WARN_OBJC_IMPLICIT_RETAIN_SELF = YES;
				CLANG_WARN_OBJC_LITERAL_CONVERSION = YES;
				CLANG_WARN_OBJC_ROOT_CLASS = YES_ERROR;
				CLANG_WARN_QUOTED_INCLUDE_IN_FRAMEWORK_HEADER = YES;
				CLANG_WARN_RANGE_LOOP_ANALYSIS = YES;
				CLANG_WARN_STRICT_PROTOTYPES = YES;
				CLANG_WARN_SUSPICIOUS_MOVE = YES;
				CLANG_WARN_UNGUARDED_AVAILABILITY = YES_AGGRESSIVE;
				CLANG_WARN_UNREACHABLE_CODE = YES;
				CLANG_WARN__DUPLICATE_METHOD_MATCH = YES;
				COPY_PHASE_STRIP = NO;
				DEBUG_INFORMATION_FORMAT = "dwarf-with-dsym";
				ENABLE_NS_ASSERTIONS = NO;
				ENABLE_STRICT_OBJC_MSGSEND = YES;
				GCC_C_LANGUAGE_STANDARD = gnu11;
				GCC_NO_COMMON_BLOCKS = YES;
				GCC_WARN_64_TO_32_BIT_CONVERSION = YES;
				GCC_WARN_ABOUT_RETURN_TYPE = YES_ERROR;
				GCC_WARN_UNDECLARED_SELECTOR = YES;
				GCC_WARN_UNINITIALIZED_AUTOS = YES_AGGRESSIVE;
				GCC_WARN_UNUSED_FUNCTION = YES;
				GCC_WARN_UNUSED_VARIABLE = YES;
				IPHONEOS_DEPLOYMENT_TARGET = 16.0;
				MTL_ENABLE_DEBUG_INFO = NO;
				MTL_FAST_MATH = YES;
				SDKROOT = iphoneos;
				SWIFT_COMPILATION_MODE = wholemodule;
				SWIFT_OPTIMIZATION_LEVEL = "-O";
				VALIDATE_PRODUCT = YES;
			};
			name = Release;
		};
		F9B50F7F291E9FF8003FD7C3 /* Debug */ = {
			isa = XCBuildConfiguration;
			buildSettings = {
				ASSETCATALOG_COMPILER_APPICON_NAME = AppIcon;
				ASSETCATALOG_COMPILER_GLOBAL_ACCENT_COLOR_NAME = AccentColor;
				CODE_SIGN_STYLE = Automatic;
				CURRENT_PROJECT_VERSION = 1;
				DEVELOPMENT_ASSET_PATHS = "\"Bredemeier Soundboard/Preview Content\"";
				DEVELOPMENT_TEAM = ZM8QD2KAG2;
				ENABLE_PREVIEWS = YES;
				GENERATE_INFOPLIST_FILE = YES;
				INFOPLIST_KEY_UIApplicationSceneManifest_Generation = YES;
				INFOPLIST_KEY_UIApplicationSupportsIndirectInputEvents = YES;
				INFOPLIST_KEY_UILaunchScreen_Generation = YES;
				INFOPLIST_KEY_UISupportedInterfaceOrientations_iPad = "UIInterfaceOrientationPortrait UIInterfaceOrientationPortraitUpsideDown UIInterfaceOrientationLandscapeLeft UIInterfaceOrientationLandscapeRight";
				INFOPLIST_KEY_UISupportedInterfaceOrientations_iPhone = "UIInterfaceOrientationPortrait UIInterfaceOrientationLandscapeLeft UIInterfaceOrientationLandscapeRight";
				LD_RUNPATH_SEARCH_PATHS = (
					"$(inherited)",
					"@executable_path/Frameworks",
				);
				MARKETING_VERSION = 1.0;
				PRODUCT_BUNDLE_IDENTIFIER = "BrightStar.Bredemeier-Soundboard";
				PRODUCT_NAME = "$(TARGET_NAME)";
				SWIFT_EMIT_LOC_STRINGS = YES;
				SWIFT_VERSION = 5.0;
				TARGETED_DEVICE_FAMILY = "1,2";
			};
			name = Debug;
		};
		F9B50F80291E9FF8003FD7C3 /* Release */ = {
			isa = XCBuildConfiguration;
			buildSettings = {
				ASSETCATALOG_COMPILER_APPICON_NAME = AppIcon;
				ASSETCATALOG_COMPILER_GLOBAL_ACCENT_COLOR_NAME = AccentColor;
				CODE_SIGN_STYLE = Automatic;
				CURRENT_PROJECT_VERSION = 1;
				DEVELOPMENT_ASSET_PATHS = "\"Bredemeier Soundboard/Preview Content\"";
				DEVELOPMENT_TEAM = ZM8QD2KAG2;
				ENABLE_PREVIEWS = YES;
				GENERATE_INFOPLIST_FILE = YES;
				INFOPLIST_KEY_UIApplicationSceneManifest_Generation = YES;
				INFOPLIST_KEY_UIApplicationSupportsIndirectInputEvents = YES;
				INFOPLIST_KEY_UILaunchScreen_Generation = YES;
				INFOPLIST_KEY_UISupportedInterfaceOrientations_iPad = "UIInterfaceOrientationPortrait UIInterfaceOrientationPortraitUpsideDown UIInterfaceOrientationLandscapeLeft UIInterfaceOrientationLandscapeRight";
				INFOPLIST_KEY_UISupportedInterfaceOrientations_iPhone = "UIInterfaceOrientationPortrait UIInterfaceOrientationLandscapeLeft UIInterfaceOrientationLandscapeRight";
				LD_RUNPATH_SEARCH_PATHS = (
					"$(inherited)",
					"@executable_path/Frameworks",
				);
				MARKETING_VERSION = 1.0;
				PRODUCT_BUNDLE_IDENTIFIER = "BrightStar.Bredemeier-Soundboard";
				PRODUCT_NAME = "$(TARGET_NAME)";
				SWIFT_EMIT_LOC_STRINGS = YES;
				SWIFT_VERSION = 5.0;
				TARGETED_DEVICE_FAMILY = "1,2";
			};
			name = Release;
		};
		F9B50F82291E9FF8003FD7C3 /* Debug */ = {
			isa = XCBuildConfiguration;
			buildSettings = {
				ALWAYS_EMBED_SWIFT_STANDARD_LIBRARIES = YES;
				BUNDLE_LOADER = "$(TEST_HOST)";
				CODE_SIGN_STYLE = Automatic;
				CURRENT_PROJECT_VERSION = 1;
				DEVELOPMENT_TEAM = ZM8QD2KAG2;
				GENERATE_INFOPLIST_FILE = YES;
				IPHONEOS_DEPLOYMENT_TARGET = 16.0;
				MARKETING_VERSION = 1.0;
				PRODUCT_BUNDLE_IDENTIFIER = "BrightStar.Bredemeier-SoundboardTests";
				PRODUCT_NAME = "$(TARGET_NAME)";
				SWIFT_EMIT_LOC_STRINGS = NO;
				SWIFT_VERSION = 5.0;
				TARGETED_DEVICE_FAMILY = "1,2";
				TEST_HOST = "$(BUILT_PRODUCTS_DIR)/Bredemeier Soundboard.app/$(BUNDLE_EXECUTABLE_FOLDER_PATH)/Bredemeier Soundboard";
			};
			name = Debug;
		};
		F9B50F83291E9FF8003FD7C3 /* Release */ = {
			isa = XCBuildConfiguration;
			buildSettings = {
				ALWAYS_EMBED_SWIFT_STANDARD_LIBRARIES = YES;
				BUNDLE_LOADER = "$(TEST_HOST)";
				CODE_SIGN_STYLE = Automatic;
				CURRENT_PROJECT_VERSION = 1;
				DEVELOPMENT_TEAM = ZM8QD2KAG2;
				GENERATE_INFOPLIST_FILE = YES;
				IPHONEOS_DEPLOYMENT_TARGET = 16.0;
				MARKETING_VERSION = 1.0;
				PRODUCT_BUNDLE_IDENTIFIER = "BrightStar.Bredemeier-SoundboardTests";
				PRODUCT_NAME = "$(TARGET_NAME)";
				SWIFT_EMIT_LOC_STRINGS = NO;
				SWIFT_VERSION = 5.0;
				TARGETED_DEVICE_FAMILY = "1,2";
				TEST_HOST = "$(BUILT_PRODUCTS_DIR)/Bredemeier Soundboard.app/$(BUNDLE_EXECUTABLE_FOLDER_PATH)/Bredemeier Soundboard";
			};
			name = Release;
		};
		F9B50F85291E9FF8003FD7C3 /* Debug */ = {
			isa = XCBuildConfiguration;
			buildSettings = {
				ALWAYS_EMBED_SWIFT_STANDARD_LIBRARIES = YES;
				CODE_SIGN_STYLE = Automatic;
				CURRENT_PROJECT_VERSION = 1;
				DEVELOPMENT_TEAM = ZM8QD2KAG2;
				GENERATE_INFOPLIST_FILE = YES;
				MARKETING_VERSION = 1.0;
				PRODUCT_BUNDLE_IDENTIFIER = "BrightStar.Bredemeier-SoundboardUITests";
				PRODUCT_NAME = "$(TARGET_NAME)";
				SWIFT_EMIT_LOC_STRINGS = NO;
				SWIFT_VERSION = 5.0;
				TARGETED_DEVICE_FAMILY = "1,2";
				TEST_TARGET_NAME = "Bredemeier Soundboard";
			};
			name = Debug;
		};
		F9B50F86291E9FF8003FD7C3 /* Release */ = {
			isa = XCBuildConfiguration;
			buildSettings = {
				ALWAYS_EMBED_SWIFT_STANDARD_LIBRARIES = YES;
				CODE_SIGN_STYLE = Automatic;
				CURRENT_PROJECT_VERSION = 1;
				DEVELOPMENT_TEAM = ZM8QD2KAG2;
				GENERATE_INFOPLIST_FILE = YES;
				MARKETING_VERSION = 1.0;
				PRODUCT_BUNDLE_IDENTIFIER = "BrightStar.Bredemeier-SoundboardUITests";
				PRODUCT_NAME = "$(TARGET_NAME)";
				SWIFT_EMIT_LOC_STRINGS = NO;
				SWIFT_VERSION = 5.0;
				TARGETED_DEVICE_FAMILY = "1,2";
				TEST_TARGET_NAME = "Bredemeier Soundboard";
			};
			name = Release;
		};
/* End XCBuildConfiguration section */

/* Begin XCConfigurationList section */
		F9B50F55291E9FF6003FD7C3 /* Build configuration list for PBXProject "Bredemeier Soundboard" */ = {
			isa = XCConfigurationList;
			buildConfigurations = (
				F9B50F7C291E9FF8003FD7C3 /* Debug */,
				F9B50F7D291E9FF8003FD7C3 /* Release */,
			);
			defaultConfigurationIsVisible = 0;
			defaultConfigurationName = Release;
		};
		F9B50F7E291E9FF8003FD7C3 /* Build configuration list for PBXNativeTarget "Bredemeier Soundboard" */ = {
			isa = XCConfigurationList;
			buildConfigurations = (
				F9B50F7F291E9FF8003FD7C3 /* Debug */,
				F9B50F80291E9FF8003FD7C3 /* Release */,
			);
			defaultConfigurationIsVisible = 0;
			defaultConfigurationName = Release;
		};
		F9B50F81291E9FF8003FD7C3 /* Build configuration list for PBXNativeTarget "Bredemeier SoundboardTests" */ = {
			isa = XCConfigurationList;
			buildConfigurations = (
				F9B50F82291E9FF8003FD7C3 /* Debug */,
				F9B50F83291E9FF8003FD7C3 /* Release */,
			);
			defaultConfigurationIsVisible = 0;
			defaultConfigurationName = Release;
		};
		F9B50F84291E9FF8003FD7C3 /* Build configuration list for PBXNativeTarget "Bredemeier SoundboardUITests" */ = {
			isa = XCConfigurationList;
			buildConfigurations = (
				F9B50F85291E9FF8003FD7C3 /* Debug */,
				F9B50F86291E9FF8003FD7C3 /* Release */,
			);
			defaultConfigurationIsVisible = 0;
			defaultConfigurationName = Release;
		};
/* End XCConfigurationList section */
	};
	rootObject = F9B50F52291E9FF6003FD7C3 /* Project object */;
}
